
Microsoft Visual Studio Solution File, Format Version 12.00
# Visual Studio Version 17
VisualStudioVersion = 17.12.35707.178 d17.12
MinimumVisualStudioVersion = 10.0.40219.1
Project("{FAE04EC0-301F-11D3-BF4B-00C04F79EFBC}") = "Movies.API", "Movie.API\Movies.API.csproj", "{B01D7A27-FE84-49D5-9954-5B104593DE74}"
EndProject
Project("{FAE04EC0-301F-11D3-BF4B-00C04F79EFBC}") = "Movies.Contracts", "Movies.Contracts\Movies.Contracts.csproj", "{3D825A6A-E7A5-444D-B453-20A4A458E6F7}"
EndProject
Project("{FAE04EC0-301F-11D3-BF4B-00C04F79EFBC}") = "Movies.Application", "Movies.Application\Movies.Application.csproj", "{EE1173E8-D6B2-4D0A-B707-DC90FB7EE55A}"
EndProject
Global
	GlobalSection(SolutionConfigurationPlatforms) = preSolution
		Debug|Any CPU = Debug|Any CPU
		Release|Any CPU = Release|Any CPU
	EndGlobalSection
	GlobalSection(ProjectConfigurationPlatforms) = postSolution
		{B01D7A27-FE84-49D5-9954-5B104593DE74}.Debug|Any CPU.ActiveCfg = Debug|Any CPU
		{B01D7A27-FE84-49D5-9954-5B104593DE74}.Debug|Any CPU.Build.0 = Debug|Any CPU
		{B01D7A27-FE84-49D5-9954-5B104593DE74}.Release|Any CPU.ActiveCfg = Release|Any CPU
		{B01D7A27-FE84-49D5-9954-5B104593DE74}.Release|Any CPU.Build.0 = Release|Any CPU
		{3D825A6A-E7A5-444D-B453-20A4A458E6F7}.Debug|Any CPU.ActiveCfg = Debug|Any CPU
		{3D825A6A-E7A5-444D-B453-20A4A458E6F7}.Debug|Any CPU.Build.0 = Debug|Any CPU
		{3D825A6A-E7A5-444D-B453-20A4A458E6F7}.Release|Any CPU.ActiveCfg = Release|Any CPU
		{3D825A6A-E7A5-444D-B453-20A4A458E6F7}.Release|Any CPU.Build.0 = Release|Any CPU
		{EE1173E8-D6B2-4D0A-B707-DC90FB7EE55A}.Debug|Any CPU.ActiveCfg = Debug|Any CPU
		{EE1173E8-D6B2-4D0A-B707-DC90FB7EE55A}.Debug|Any CPU.Build.0 = Debug|Any CPU
		{EE1173E8-D6B2-4D0A-B707-DC90FB7EE55A}.Release|Any CPU.ActiveCfg = Release|Any CPU
		{EE1173E8-D6B2-4D0A-B707-DC90FB7EE55A}.Release|Any CPU.Build.0 = Release|Any CPU
	EndGlobalSection
	GlobalSection(SolutionProperties) = preSolution
		HideSolutionNode = FALSE
	EndGlobalSection
EndGlobal
